
Microsoft Visual Studio Solution File, Format Version 12.00
# Visual Studio Version 17
VisualStudioVersion = 17.0.32002.185
MinimumVisualStudioVersion = 10.0.40219.1
Project("{FAE04EC0-301F-11D3-BF4B-00C04F79EFBC}") = "ExeFixacaoPoli", "ExeFixacaoPoli.csproj", "{CF7E37DC-2CFE-440D-BCE5-34BA88F4CF0C}"
EndProject
Global
	GlobalSection(SolutionConfigurationPlatforms) = preSolution
		Debug|Any CPU = Debug|Any CPU
		Release|Any CPU = Release|Any CPU
	EndGlobalSection
	GlobalSection(ProjectConfigurationPlatforms) = postSolution
		{CF7E37DC-2CFE-440D-BCE5-34BA88F4CF0C}.Debug|Any CPU.ActiveCfg = Debug|Any CPU
		{CF7E37DC-2CFE-440D-BCE5-34BA88F4CF0C}.Debug|Any CPU.Build.0 = Debug|Any CPU
		{CF7E37DC-2CFE-440D-BCE5-34BA88F4CF0C}.Release|Any CPU.ActiveCfg = Release|Any CPU
		{CF7E37DC-2CFE-440D-BCE5-34BA88F4CF0C}.Release|Any CPU.Build.0 = Release|Any CPU
	EndGlobalSection
	GlobalSection(SolutionProperties) = preSolution
		HideSolutionNode = FALSE
	EndGlobalSection
	GlobalSection(ExtensibilityGlobals) = postSolution
		SolutionGuid = {28594640-CBE9-4DF7-BD57-F85BE74CCF46}
	EndGlobalSection
EndGlobal
